
Microsoft Visual Studio Solution File, Format Version 12.00
# Visual Studio Version 16
VisualStudioVersion = 16.0.29911.84
MinimumVisualStudioVersion = 10.0.40219.1
Project("{FAE04EC0-301F-11D3-BF4B-00C04F79EFBC}") = "Inheritance_Interface_Demo", "CalculatorApplication\Inheritance_Interface_Demo.csproj", "{27DA5976-0599-4ABE-B5AE-421D4DB763D5}"
EndProject
Global
	GlobalSection(SolutionConfigurationPlatforms) = preSolution
		Debug|Any CPU = Debug|Any CPU
		Release|Any CPU = Release|Any CPU
	EndGlobalSection
	GlobalSection(ProjectConfigurationPlatforms) = postSolution
		{27DA5976-0599-4ABE-B5AE-421D4DB763D5}.Debug|Any CPU.ActiveCfg = Debug|Any CPU
		{27DA5976-0599-4ABE-B5AE-421D4DB763D5}.Debug|Any CPU.Build.0 = Debug|Any CPU
		{27DA5976-0599-4ABE-B5AE-421D4DB763D5}.Release|Any CPU.ActiveCfg = Release|Any CPU
		{27DA5976-0599-4ABE-B5AE-421D4DB763D5}.Release|Any CPU.Build.0 = Release|Any CPU
	EndGlobalSection
	GlobalSection(SolutionProperties) = preSolution
		HideSolutionNode = FALSE
	EndGlobalSection
	GlobalSection(ExtensibilityGlobals) = postSolution
		SolutionGuid = {2F64F8F7-834E-4D8E-A5FA-9369912DB3B3}
	EndGlobalSection
EndGlobal
